
Microsoft Visual Studio Solution File, Format Version 12.00
# Visual Studio Version 16
VisualStudioVersion = 16.0.31025.194
MinimumVisualStudioVersion = 10.0.40219.1
Project("{9A19103F-16F7-4668-BE54-9A1E7A4F7556}") = "LetsMeet-API", "LetsMeet-API\LetsMeet-API.csproj", "{C92304B0-85B7-4E5B-A2FC-307E7970DC46}"
EndProject
Project("{9A19103F-16F7-4668-BE54-9A1E7A4F7556}") = "Application", "..\Application\Application.csproj", "{3011F885-A38E-4BB8-8FB8-7B298B3ED45F}"
EndProject
Project("{9A19103F-16F7-4668-BE54-9A1E7A4F7556}") = "Database", "..\Database\Database.csproj", "{4430A21B-8F10-458B-A7C3-0D75579794E0}"
EndProject
Project("{9A19103F-16F7-4668-BE54-9A1E7A4F7556}") = "Domain", "..\Domain\Domain.csproj", "{2DDA67EB-FCA8-400B-A406-5749C340E471}"
EndProject
Project("{FAE04EC0-301F-11D3-BF4B-00C04F79EFBC}") = "Infrastructure", "..\Infrastructure\Infrastructure.csproj", "{BCAEA6C2-BC63-439E-AD63-E3BEE19B650E}"
EndProject
Global
	GlobalSection(SolutionConfigurationPlatforms) = preSolution
		Debug|Any CPU = Debug|Any CPU
		Release|Any CPU = Release|Any CPU
	EndGlobalSection
	GlobalSection(ProjectConfigurationPlatforms) = postSolution
		{C92304B0-85B7-4E5B-A2FC-307E7970DC46}.Debug|Any CPU.ActiveCfg = Debug|Any CPU
		{C92304B0-85B7-4E5B-A2FC-307E7970DC46}.Debug|Any CPU.Build.0 = Debug|Any CPU
		{C92304B0-85B7-4E5B-A2FC-307E7970DC46}.Release|Any CPU.ActiveCfg = Release|Any CPU
		{C92304B0-85B7-4E5B-A2FC-307E7970DC46}.Release|Any CPU.Build.0 = Release|Any CPU
		{3011F885-A38E-4BB8-8FB8-7B298B3ED45F}.Debug|Any CPU.ActiveCfg = Debug|Any CPU
		{3011F885-A38E-4BB8-8FB8-7B298B3ED45F}.Debug|Any CPU.Build.0 = Debug|Any CPU
		{3011F885-A38E-4BB8-8FB8-7B298B3ED45F}.Release|Any CPU.ActiveCfg = Release|Any CPU
		{3011F885-A38E-4BB8-8FB8-7B298B3ED45F}.Release|Any CPU.Build.0 = Release|Any CPU
		{4430A21B-8F10-458B-A7C3-0D75579794E0}.Debug|Any CPU.ActiveCfg = Debug|Any CPU
		{4430A21B-8F10-458B-A7C3-0D75579794E0}.Debug|Any CPU.Build.0 = Debug|Any CPU
		{4430A21B-8F10-458B-A7C3-0D75579794E0}.Release|Any CPU.ActiveCfg = Release|Any CPU
		{4430A21B-8F10-458B-A7C3-0D75579794E0}.Release|Any CPU.Build.0 = Release|Any CPU
		{2DDA67EB-FCA8-400B-A406-5749C340E471}.Debug|Any CPU.ActiveCfg = Debug|Any CPU
		{2DDA67EB-FCA8-400B-A406-5749C340E471}.Debug|Any CPU.Build.0 = Debug|Any CPU
		{2DDA67EB-FCA8-400B-A406-5749C340E471}.Release|Any CPU.ActiveCfg = Release|Any CPU
		{2DDA67EB-FCA8-400B-A406-5749C340E471}.Release|Any CPU.Build.0 = Release|Any CPU
		{BCAEA6C2-BC63-439E-AD63-E3BEE19B650E}.Debug|Any CPU.ActiveCfg = Debug|Any CPU
		{BCAEA6C2-BC63-439E-AD63-E3BEE19B650E}.Debug|Any CPU.Build.0 = Debug|Any CPU
		{BCAEA6C2-BC63-439E-AD63-E3BEE19B650E}.Release|Any CPU.ActiveCfg = Release|Any CPU
		{BCAEA6C2-BC63-439E-AD63-E3BEE19B650E}.Release|Any CPU.Build.0 = Release|Any CPU
	EndGlobalSection
	GlobalSection(SolutionProperties) = preSolution
		HideSolutionNode = FALSE
	EndGlobalSection
	GlobalSection(ExtensibilityGlobals) = postSolution
		SolutionGuid = {2727CB65-758C-4520-A0FA-BAD3E49707CF}
	EndGlobalSection
EndGlobal
